# This file is automatically @generated by Cargo.
# It is not intended for manual editing.
version = 3

[[package]]
name = "aarch64-cpu"
version = "9.4.0"
source = "registry+https://github.com/rust-lang/crates.io-index"
checksum = "ac42a04a61c19fc8196dd728022a784baecc5d63d7e256c01ad1b3fbfab26287"
dependencies = [
 "tock-registers",
]

[[package]]
name = "arceos-helloworld"
version = "0.1.0"
dependencies = [
 "axstd",
]

[[package]]
name = "arceos_api"
version = "0.1.0"
source = "git+https://github.com/Arceos-crates/arceos_api.git#b2b54c94e64aca2b44f3eda7f3f69ca748ebf720"
dependencies = [
 "axconfig",
 "axerrno",
 "axfeat",
 "axhal",
 "axio",
 "axlog",
 "axruntime",
]

[[package]]
name = "arm_gic"
version = "0.1.0"
source = "git+https://github.com/Arceos-crates/arm_gic.git#776b8d6461bcd378f37632157329cddfb590880d"
dependencies = [
 "tock-registers",
]

[[package]]
name = "arm_pl011"
version = "0.1.0"
source = "git+https://github.com/Arceos-crates/arm_pl011.git#9bd15d42d55ae5d2e6b76b312a1394a2cb3ece1e"
dependencies = [
 "tock-registers",
]

[[package]]
name = "autocfg"
version = "1.2.0"
source = "registry+https://github.com/rust-lang/crates.io-index"
checksum = "f1fdabc7756949593fe60f30ec81974b613357de856987752631dea1e3394c80"

[[package]]
name = "axconfig"
version = "0.1.0"
source = "git+https://github.com/Arceos-crates/axconfig.git#dad16425d0c52b448a9b87908cd6ce7f7fd812a9"
dependencies = [
 "serde",
 "toml_edit",
]

[[package]]
name = "axerrno"
version = "0.1.0"
source = "git+https://github.com/Arceos-crates/axerrno.git#3a5429da27f8979fe17740d5dc811de3d2861d3d"
dependencies = [
 "log",
]

[[package]]
name = "axfeat"
version = "0.1.0"
source = "git+https://github.com/Arceos-crates/axfeat.git#1d4fd731463285ce01fa2d3ea2e8a60b1f0ab612"
dependencies = [
 "axhal",
 "axlog",
 "axruntime",
]

[[package]]
name = "axhal"
version = "0.1.0"
source = "git+https://github.com/Arceos-crates/axhal.git#99ee0b1c71841fdd22b47f25fa9dae21c2aae090"
dependencies = [
 "aarch64-cpu",
 "arm_gic",
 "arm_pl011",
 "axconfig",
 "axlog",
 "bitflags 2.5.0",
 "cfg-if",
 "crate_interface",
 "dw_apb_uart",
 "either",
 "handler_table",
 "kernel_guard",
 "lazy_init",
 "log",
 "memory_addr",
 "of",
 "page_table_entry",
 "percpu",
 "ratio",
 "raw-cpuid 11.0.1",
 "riscv",
 "sbi-rt",
 "spinlock",
 "static_assertions",
 "tock-registers",
 "x2apic",
 "x86",
 "x86_64",
]

[[package]]
name = "axio"
version = "0.1.0"
source = "git+https://github.com/Arceos-crates/axio#782815ebb40dc389ce64b4e6f599a4831d0d5da0"
dependencies = [
 "axerrno",
]

[[package]]
name = "axlog"
version = "0.1.0"
source = "git+https://github.com/Arceos-crates/axlog.git#7ee7272b05f2a20f06703e92787bba4f04902f82"
dependencies = [
 "cfg-if",
 "crate_interface",
 "log",
 "spinlock",
]

[[package]]
name = "axruntime"
version = "0.1.0"
source = "git+https://github.com/Arceos-crates/axruntime.git#9aeee8842eca4fbc88a29d06d016127fcde36a08"
dependencies = [
 "axconfig",
 "axhal",
 "axlog",
 "cfg-if",
 "crate_interface",
]

[[package]]
name = "axstd"
version = "0.1.0"
source = "git+https://github.com/Arceos-crates/axstd.git#86226e56cf530b5e8c99301c13ae3cfe3e8c7793"
dependencies = [
 "arceos_api",
 "axerrno",
 "axfeat",
 "axio",
 "spinlock",
]

[[package]]
name = "bit"
version = "0.1.1"
source = "registry+https://github.com/rust-lang/crates.io-index"
checksum = "2b645c5c09a7d4035949cfce1a915785aaad6f17800c35fda8a8c311c491f284"

[[package]]
name = "bit_field"
version = "0.10.2"
source = "registry+https://github.com/rust-lang/crates.io-index"
checksum = "dc827186963e592360843fb5ba4b973e145841266c1357f7180c43526f2e5b61"

[[package]]
name = "bitflags"
version = "1.3.2"
source = "registry+https://github.com/rust-lang/crates.io-index"
checksum = "bef38d45163c2f1dde094a7dfd33ccf595c92905c8f8f4fdc18d06fb1037718a"

[[package]]
name = "bitflags"
version = "2.5.0"
source = "registry+https://github.com/rust-lang/crates.io-index"
checksum = "cf4b9d6a944f767f8e5e0db018570623c85f3d925ac718db4e06d0187adb21c1"

[[package]]
name = "cfg-if"
version = "1.0.0"
source = "registry+https://github.com/rust-lang/crates.io-index"
checksum = "baf1de4339761588bc0619e3cbc0120ee582ebb74b53b4efbf79117bd2da40fd"

[[package]]
name = "crate_interface"
version = "0.1.1"
source = "git+https://github.com/Arceos-crates/crate_interface.git#f735ba00214b4f7e239fdd4f07d5bae085b15514"
dependencies = [
 "proc-macro2",
 "quote",
 "syn",
]

[[package]]
name = "critical-section"
version = "1.1.2"
source = "registry+https://github.com/rust-lang/crates.io-index"
checksum = "7059fff8937831a9ae6f0fe4d658ffabf58f2ca96aa9dec1c889f936f705f216"

[[package]]
name = "dw_apb_uart"
version = "0.1.0"
source = "git+https://github.com/Arceos-crates/dw_apb_uart.git#449211803101234391057356d61573580f909b2c"
dependencies = [
 "tock-registers",
]

[[package]]
name = "either"
version = "1.11.0"
source = "registry+https://github.com/rust-lang/crates.io-index"
checksum = "a47c1c47d2f5964e29c61246e81db715514cd532db6b5116a25ea3c03d6780a2"

[[package]]
name = "embedded-hal"
version = "0.2.7"
source = "registry+https://github.com/rust-lang/crates.io-index"
checksum = "35949884794ad573cf46071e41c9b60efb0cb311e3ca01f7af807af1debc66ff"
dependencies = [
 "nb 0.1.3",
 "void",
]

[[package]]
name = "equivalent"
version = "1.0.1"
source = "registry+https://github.com/rust-lang/crates.io-index"
checksum = "5443807d6dff69373d433ab9ef5378ad8df50ca6298caf15de6e52e24aaf54d5"

[[package]]
name = "fdt"
version = "0.1.5"
source = "registry+https://github.com/rust-lang/crates.io-index"
checksum = "784a4df722dc6267a04af36895398f59d21d07dce47232adf31ec0ff2fa45e67"

[[package]]
name = "handler_table"
version = "0.1.0"
source = "git+https://github.com/Arceos-crates/handler_table.git#20b0742506716e910d29723e52cb28d501fada72"

[[package]]
name = "hashbrown"
version = "0.14.3"
source = "registry+https://github.com/rust-lang/crates.io-index"
checksum = "290f1a1d9242c78d09ce40a5e87e7554ee637af1351968159f4952f028f75604"

[[package]]
name = "indexmap"
version = "2.2.6"
source = "registry+https://github.com/rust-lang/crates.io-index"
checksum = "168fb715dda47215e360912c096649d23d58bf392ac62f73919e831745e40f26"
dependencies = [
 "equivalent",
 "hashbrown",
]

[[package]]
name = "kernel_guard"
version = "0.1.0"
source = "git+https://github.com/Arceos-crates/kernel_guard.git#7acf18261d51e500a36e3d1cf2717db12ba8dd17"
dependencies = [
 "cfg-if",
 "crate_interface",
]

[[package]]
name = "lazy_init"
version = "0.1.0"
source = "git+https://github.com/Arceos-crates/lazy_init.git#245ef7e94c6cc63610d3148e8de3144768f8f9d7"

[[package]]
name = "lazy_static"
version = "1.4.0"
source = "registry+https://github.com/rust-lang/crates.io-index"
checksum = "e2abad23fbc42b3700f2f279844dc832adb2b2eb069b2df918f455c4e18cc646"
dependencies = [
 "spin 0.5.2",
]

[[package]]
name = "lock_api"
version = "0.4.11"
source = "registry+https://github.com/rust-lang/crates.io-index"
checksum = "3c168f8615b12bc01f9c17e2eb0cc07dcae1940121185446edc3744920e8ef45"
dependencies = [
 "autocfg",
 "scopeguard",
]

[[package]]
name = "log"
version = "0.4.21"
source = "registry+https://github.com/rust-lang/crates.io-index"
checksum = "90ed8c1e510134f979dbc4f070f87d4313098b704861a105fe34231c70a3901c"

[[package]]
name = "memchr"
version = "2.7.2"
source = "registry+https://github.com/rust-lang/crates.io-index"
checksum = "6c8640c5d730cb13ebd907d8d04b52f55ac9a2eec55b440c8892f40d56c76c1d"

[[package]]
name = "memory_addr"
version = "0.1.0"
source = "git+https://github.com/Arceos-crates/memory_addr.git#e0d520821bcca9e0abdaf2a218a150ef05c5a694"

[[package]]
name = "nb"
version = "0.1.3"
source = "registry+https://github.com/rust-lang/crates.io-index"
checksum = "801d31da0513b6ec5214e9bf433a77966320625a37860f910be265be6e18d06f"
dependencies = [
 "nb 1.1.0",
]

[[package]]
name = "nb"
version = "1.1.0"
source = "registry+https://github.com/rust-lang/crates.io-index"
checksum = "8d5439c4ad607c3c23abf66de8c8bf57ba8adcd1f129e699851a6e43935d339d"

[[package]]
name = "of"
version = "0.1.0"
source = "git+https://github.com/Arceos-crates/of.git#4ba9775021cc5e8acd17d2669f6a7bf684f118a3"
dependencies = [
 "fdt",
 "lazy_static",
]

[[package]]
name = "page_table_entry"
version = "0.1.0"
source = "git+https://github.com/Arceos-crates/page_table_entry.git#2244010e16a71dfdbad43ef7c82e0f4d0251af30"
dependencies = [
 "aarch64-cpu",
 "bitflags 2.5.0",
 "memory_addr",
 "x86_64",
]

[[package]]
name = "paste"
version = "1.0.14"
source = "registry+https://github.com/rust-lang/crates.io-index"
checksum = "de3145af08024dea9fa9914f381a17b8fc6034dfb00f3a84013f7ff43f29ed4c"

[[package]]
name = "percpu"
version = "0.1.0"
source = "git+https://github.com/Arceos-crates/percpu.git#7a1bb439f09b1deb2863229782d9f05206c3b49f"
dependencies = [
 "cfg-if",
 "percpu_macros",
 "spin 0.9.8",
 "x86",
]

[[package]]
name = "percpu_macros"
version = "0.1.0"
source = "git+https://github.com/Arceos-crates/percpu_macros.git#0088f91f36a806ce20f55d87a89866fb010d0258"
dependencies = [
 "proc-macro2",
 "quote",
 "syn",
]

[[package]]
name = "proc-macro2"
version = "1.0.81"
source = "registry+https://github.com/rust-lang/crates.io-index"
checksum = "3d1597b0c024618f09a9c3b8655b7e430397a36d23fdafec26d6965e9eec3eba"
dependencies = [
 "unicode-ident",
]

[[package]]
name = "quote"
version = "1.0.36"
source = "registry+https://github.com/rust-lang/crates.io-index"
checksum = "0fa76aaf39101c457836aec0ce2316dbdc3ab723cdda1c6bd4e6ad4208acaca7"
dependencies = [
 "proc-macro2",
]

[[package]]
name = "ratio"
version = "0.1.0"
source = "git+https://github.com/Arceos-crates/ratio.git#dde1a7615b8aa6f3d2c638c974e9fe125e15c8a0"

[[package]]
name = "raw-cpuid"
version = "10.7.0"
source = "registry+https://github.com/rust-lang/crates.io-index"
checksum = "6c297679cb867470fa8c9f67dbba74a78d78e3e98d7cf2b08d6d71540f797332"
dependencies = [
 "bitflags 1.3.2",
]

[[package]]
name = "raw-cpuid"
version = "11.0.1"
source = "registry+https://github.com/rust-lang/crates.io-index"
checksum = "9d86a7c4638d42c44551f4791a20e687dbb4c3de1f33c43dd71e355cd429def1"
dependencies = [
 "bitflags 2.5.0",
]

[[package]]
name = "riscv"
version = "0.10.1"
source = "registry+https://github.com/rust-lang/crates.io-index"
checksum = "aa3145d2fae3778b1e31ec2e827b228bdc6abd9b74bb5705ba46dcb82069bc4f"
dependencies = [
 "bit_field",
 "critical-section",
 "embedded-hal",
]

[[package]]
name = "rustversion"
version = "1.0.15"
source = "registry+https://github.com/rust-lang/crates.io-index"
checksum = "80af6f9131f277a45a3fba6ce8e2258037bb0477a67e610d3c1fe046ab31de47"

[[package]]
name = "sbi-rt"
version = "0.0.2"
source = "registry+https://github.com/rust-lang/crates.io-index"
checksum = "8c113c53291db8ac141e01f43224ed488b8d6001ab66737b82e04695a43a42b7"
dependencies = [
 "sbi-spec",
]

[[package]]
name = "sbi-spec"
version = "0.0.4"
source = "registry+https://github.com/rust-lang/crates.io-index"
checksum = "6d4027cf9bb591a9fd0fc0e283be6165c5abe96cb73e9f0e24738c227f425377"
dependencies = [
 "static_assertions",
]

[[package]]
name = "scopeguard"
version = "1.2.0"
source = "registry+https://github.com/rust-lang/crates.io-index"
checksum = "94143f37725109f92c262ed2cf5e59bce7498c01bcc1502d7b9afe439a4e9f49"

[[package]]
name = "serde"
version = "1.0.198"
source = "registry+https://github.com/rust-lang/crates.io-index"
checksum = "9846a40c979031340571da2545a4e5b7c4163bdae79b301d5f86d03979451fcc"
dependencies = [
 "serde_derive",
]

[[package]]
name = "serde_derive"
version = "1.0.198"
source = "registry+https://github.com/rust-lang/crates.io-index"
checksum = "e88edab869b01783ba905e7d0153f9fc1a6505a96e4ad3018011eedb838566d9"
dependencies = [
 "proc-macro2",
 "quote",
 "syn",
]

[[package]]
name = "spin"
version = "0.5.2"
source = "registry+https://github.com/rust-lang/crates.io-index"
checksum = "6e63cff320ae2c57904679ba7cb63280a3dc4613885beafb148ee7bf9aa9042d"

[[package]]
name = "spin"
version = "0.9.8"
source = "registry+https://github.com/rust-lang/crates.io-index"
checksum = "6980e8d7511241f8acf4aebddbb1ff938df5eebe98691418c4468d0b72a96a67"
dependencies = [
 "lock_api",
]

[[package]]
name = "spinlock"
version = "0.1.0"
source = "git+https://github.com/Arceos-crates/spinlock.git#556366801ed8c349a0c47936cb06826bae002378"
dependencies = [
 "cfg-if",
 "kernel_guard",
]

[[package]]
name = "static_assertions"
version = "1.1.0"
source = "registry+https://github.com/rust-lang/crates.io-index"
checksum = "a2eb9349b6444b326872e140eb1cf5e7c522154d69e7a0ffb0fb81c06b37543f"

[[package]]
name = "syn"
version = "2.0.60"
source = "registry+https://github.com/rust-lang/crates.io-index"
checksum = "909518bc7b1c9b779f1bbf07f2929d35af9f0f37e47c6e9ef7f9dddc1e1821f3"
dependencies = [
 "proc-macro2",
 "quote",
 "unicode-ident",
]

[[package]]
name = "tock-registers"
version = "0.8.1"
source = "registry+https://github.com/rust-lang/crates.io-index"
checksum = "696941a0aee7e276a165a978b37918fd5d22c55c3d6bda197813070ca9c0f21c"

[[package]]
name = "toml_datetime"
version = "0.6.5"
source = "registry+https://github.com/rust-lang/crates.io-index"
checksum = "3550f4e9685620ac18a50ed434eb3aec30db8ba93b0287467bca5826ea25baf1"

[[package]]
name = "toml_edit"
version = "0.19.15"
source = "registry+https://github.com/rust-lang/crates.io-index"
checksum = "1b5bb770da30e5cbfde35a2d7b9b8a2c4b8ef89548a7a6aeab5c9a576e3e7421"
dependencies = [
 "indexmap",
 "toml_datetime",
 "winnow",
]

[[package]]
name = "unicode-ident"
version = "1.0.12"
source = "registry+https://github.com/rust-lang/crates.io-index"
checksum = "3354b9ac3fae1ff6755cb6db53683adb661634f67557942dea4facebec0fee4b"

[[package]]
name = "void"
version = "1.0.2"
source = "registry+https://github.com/rust-lang/crates.io-index"
checksum = "6a02e4885ed3bc0f2de90ea6dd45ebcbb66dacffe03547fadbb0eeae2770887d"

[[package]]
name = "volatile"
version = "0.4.6"
source = "registry+https://github.com/rust-lang/crates.io-index"
checksum = "442887c63f2c839b346c192d047a7c87e73d0689c9157b00b53dcc27dd5ea793"

[[package]]
name = "winnow"
version = "0.5.40"
source = "registry+https://github.com/rust-lang/crates.io-index"
checksum = "f593a95398737aeed53e489c785df13f3618e41dbcd6718c6addbf1395aa6876"
dependencies = [
 "memchr",
]

[[package]]
name = "x2apic"
version = "0.4.3"
source = "registry+https://github.com/rust-lang/crates.io-index"
checksum = "cbcd582541cbb8ef1dfc24a3c849a64ff074b1b512af723ad90056558d424602"
dependencies = [
 "bit",
 "bitflags 1.3.2",
 "paste",
 "raw-cpuid 10.7.0",
 "x86_64",
]

[[package]]
name = "x86"
version = "0.52.0"
source = "registry+https://github.com/rust-lang/crates.io-index"
checksum = "2781db97787217ad2a2845c396a5efe286f87467a5810836db6d74926e94a385"
dependencies = [
 "bit_field",
 "bitflags 1.3.2",
 "raw-cpuid 10.7.0",
]

[[package]]
name = "x86_64"
version = "0.14.12"
source = "registry+https://github.com/rust-lang/crates.io-index"
checksum = "96cb6fd45bfeab6a5055c5bffdb08768bd0c069f1d946debe585bbb380a7c062"
dependencies = [
 "bit_field",
 "bitflags 2.5.0",
 "rustversion",
 "volatile",
]

[[patch.unused]]
name = "smoltcp"
version = "0.10.0"
source = "git+https://github.com/c0per/smoltcp?branch=starryos#a2e59192792833a9733fbc1ba4b7be20f992119e"
