# This file is automatically @generated by Cargo.
# It is not intended for manual editing.
version = 3

[[package]]
name = "aarch64-cpu"
version = "9.3.1"
source = "registry+https://github.com/rust-lang/crates.io-index"
checksum = "eb711c57d60565ba8f6523eb371e6243639617d817b4df1ae09af250af1af411"
dependencies = [
 "tock-registers",
]

[[package]]
name = "aho-corasick"
version = "1.0.4"
source = "registry+https://github.com/rust-lang/crates.io-index"
checksum = "6748e8def348ed4d14996fa801f4122cd763fff530258cdc03f64b25f89d3a5a"
dependencies = [
 "memchr",
]

[[package]]
name = "allocator"
version = "0.1.0"
source = "git+https://github.com/Arceos-crates/allocator.git#406867f4d2a0f0babf1d88f505658b6c2a25ae33"
dependencies = [
 "bitmap-allocator",
 "buddy_system_allocator",
 "rlsf",
 "slab_allocator",
]

[[package]]
name = "arceos-bwbench"
version = "0.1.0"
dependencies = [
 "axnet",
 "axstd",
]

[[package]]
name = "arceos-display"
version = "0.1.0"
dependencies = [
 "axstd",
 "embedded-graphics",
]

[[package]]
name = "arceos-echoserver"
version = "0.1.0"
dependencies = [
 "axstd",
]

[[package]]
name = "arceos-exception"
version = "0.1.0"
dependencies = [
 "axstd",
]

[[package]]
name = "arceos-helloworld"
version = "0.1.0"
dependencies = [
 "axstd",
]

[[package]]
name = "arceos-httpclient"
version = "0.1.0"
dependencies = [
 "axstd",
]

[[package]]
name = "arceos-httpserver"
version = "0.1.0"
dependencies = [
 "axstd",
]

[[package]]
name = "arceos-memtest"
version = "0.1.0"
dependencies = [
 "axstd",
 "rand",
]

[[package]]
name = "arceos-parallel"
version = "0.1.0"
dependencies = [
 "axstd",
 "rand",
]

[[package]]
name = "arceos-priority"
version = "0.1.0"
dependencies = [
 "axstd",
]

[[package]]
name = "arceos-shell"
version = "0.1.0"
dependencies = [
 "axfs_ramfs",
 "axfs_vfs",
 "axstd",
 "crate_interface",
]

[[package]]
name = "arceos-sleep"
version = "0.1.0"
dependencies = [
 "axstd",
]

[[package]]
name = "arceos-tls"
version = "0.1.0"
dependencies = [
 "axstd",
]

[[package]]
name = "arceos-udpserver"
version = "0.1.0"
dependencies = [
 "axstd",
]

[[package]]
name = "arceos-yield"
version = "0.1.0"
dependencies = [
 "axstd",
]

[[package]]
name = "arceos_api"
version = "0.1.0"
dependencies = [
 "axalloc",
 "axconfig",
 "axdisplay",
 "axerrno",
 "axfeat",
 "axfs",
 "axhal",
 "axio",
 "axlog",
 "axnet",
 "axruntime",
 "axtask",
]

[[package]]
name = "arceos_posix_api"
version = "0.1.0"
dependencies = [
 "axalloc",
 "axconfig",
 "axerrno",
 "axfeat",
 "axfs",
 "axhal",
 "axio",
 "axlog",
 "axnet",
 "axruntime",
 "axsync",
 "axtask",
 "bindgen",
 "flatten_objects",
 "lazy_static",
 "spin 0.9.8",
 "static_assertions",
]

[[package]]
name = "arm_gic"
version = "0.1.0"
source = "git+https://github.com/Arceos-crates/arm_gic.git#776b8d6461bcd378f37632157329cddfb590880d"
dependencies = [
 "tock-registers",
]

[[package]]
name = "arm_pl011"
version = "0.1.0"
source = "git+https://github.com/Arceos-crates/arm_pl011.git#9bd15d42d55ae5d2e6b76b312a1394a2cb3ece1e"
dependencies = [
 "tock-registers",
]

[[package]]
name = "atomic-polyfill"
version = "0.1.11"
source = "registry+https://github.com/rust-lang/crates.io-index"
checksum = "e3ff7eb3f316534d83a8a2c3d1674ace8a5a71198eba31e2e2b597833f699b28"
dependencies = [
 "critical-section",
]

[[package]]
name = "autocfg"
version = "1.1.0"
source = "registry+https://github.com/rust-lang/crates.io-index"
checksum = "d468802bab17cbc0cc575e9b053f41e72aa36bfa6b7f55e3529ffa43161b97fa"

[[package]]
name = "axalloc"
version = "0.1.0"
source = "git+https://github.com/Arceos-crates/axalloc.git#42eebdc8362ff1b33b73b2d927300ebd798b28cc"
dependencies = [
 "allocator",
 "axerrno",
 "cfg-if",
 "log",
 "memory_addr",
 "spinlock",
]

[[package]]
name = "axconfig"
version = "0.1.0"
dependencies = [
 "serde",
 "toml_edit",
]

[[package]]
name = "axdisplay"
version = "0.1.0"
dependencies = [
 "axdriver",
 "axsync",
 "driver_display",
 "lazy_init",
 "log",
]

[[package]]
name = "axdriver"
version = "0.1.0"
dependencies = [
 "axalloc",
 "axconfig",
 "axhal",
 "cfg-if",
 "driver_block",
 "driver_common",
 "driver_display",
 "driver_net",
 "driver_pci",
 "driver_virtio",
 "log",
]

[[package]]
name = "axerrno"
version = "0.1.0"
source = "git+https://github.com/Arceos-crates/axerrno.git#3a5429da27f8979fe17740d5dc811de3d2861d3d"
dependencies = [
 "log",
]

[[package]]
name = "axfeat"
version = "0.1.0"
dependencies = [
 "axalloc",
 "axdisplay",
 "axdriver",
 "axfs",
 "axhal",
 "axlog",
 "axnet",
 "axprocess",
 "axruntime",
 "axsync",
 "axtask",
 "spinlock",
]

[[package]]
name = "axfs"
version = "0.1.0"
dependencies = [
 "axdriver",
 "axerrno",
 "axfs_devfs",
 "axfs_ramfs",
 "axfs_vfs",
 "axio",
 "axsync",
 "axtask",
 "bitflags 2.4.0",
 "capability",
 "cfg-if",
 "crate_interface",
 "driver_block",
 "fatfs",
 "lazy_init",
 "log",
]

[[package]]
name = "axfs_devfs"
version = "0.1.0"
source = "git+https://github.com/Arceos-crates/axfs_devfs.git#852daac6bb17ed8a1b2b6808c8584a86d783273e"
dependencies = [
 "axfs_vfs",
 "log",
 "rand",
 "spin 0.9.8",
]

[[package]]
name = "axfs_ramfs"
version = "0.1.0"
source = "git+https://github.com/Arceos-crates/axfs_ramfs.git#f6f827c8c06f00dc7100ebd011670083094d2d41"
dependencies = [
 "axerrno",
 "axfs_vfs",
 "lazy_static",
 "log",
 "spin 0.9.8",
]

[[package]]
name = "axfs_vfs"
version = "0.1.0"
source = "git+https://github.com/Arceos-crates/axfs_vfs.git#a19e838bfbc4f83d761ac06891de8a9fda95b869"
dependencies = [
 "axerrno",
 "bitflags 2.4.0",
 "log",
]

[[package]]
name = "axhal"
version = "0.1.0"
dependencies = [
 "aarch64-cpu",
 "arm_gic",
 "arm_pl011",
 "axalloc",
 "axconfig",
 "axfs_ramfs",
 "axlog",
 "bitflags 2.4.0",
 "cfg-if",
 "crate_interface",
 "dw_apb_uart",
 "either",
 "handler_table",
 "kernel_guard",
 "lazy_init",
 "log",
 "memory_addr",
 "of",
 "page_table",
 "page_table_entry",
 "percpu",
 "ratio",
 "raw-cpuid 11.0.1",
 "riscv",
 "sbi-rt",
 "spinlock",
 "static_assertions",
 "tock-registers",
 "x2apic",
 "x86",
 "x86_64",
]

[[package]]
name = "axio"
version = "0.1.0"
source = "git+https://github.com/Arceos-crates/axio#782815ebb40dc389ce64b4e6f599a4831d0d5da0"
dependencies = [
 "axerrno",
]

[[package]]
name = "axlibc"
version = "0.1.0"
dependencies = [
 "arceos_posix_api",
 "axerrno",
 "axfeat",
 "axio",
 "bindgen",
]

[[package]]
name = "axlog"
version = "0.1.0"
source = "git+https://github.com/Arceos-crates/axlog.git#7ee7272b05f2a20f06703e92787bba4f04902f82"
dependencies = [
 "cfg-if",
 "crate_interface",
 "log",
 "spinlock",
]

[[package]]
name = "axmem"
version = "0.1.0"
dependencies = [
 "axalloc",
 "axconfig",
 "axerrno",
 "axfs",
 "axhal",
 "axio",
 "log",
 "page_table_entry",
 "riscv",
 "spinlock",
 "xmas-elf",
]

[[package]]
name = "axnet"
version = "0.1.0"
dependencies = [
 "axdriver",
 "axerrno",
 "axhal",
 "axio",
 "axsync",
 "axtask",
 "cfg-if",
 "driver_net",
 "lazy_init",
 "log",
 "smoltcp",
 "spin 0.9.8",
]

[[package]]
name = "axprocess"
version = "0.1.0"
dependencies = [
 "axalloc",
 "axconfig",
 "axerrno",
 "axfs",
 "axhal",
 "axio",
 "axlog",
 "axmem",
 "axsignal",
 "axsync",
 "axtask",
 "bitflags 2.4.0",
 "cfg-if",
 "crate_interface",
 "lazy_static",
 "riscv",
 "spinlock",
 "xmas-elf",
]

[[package]]
name = "axruntime"
version = "0.1.0"
dependencies = [
 "axalloc",
 "axconfig",
 "axdisplay",
 "axdriver",
 "axfs",
 "axhal",
 "axlog",
 "axmem",
 "axnet",
 "axprocess",
 "axtask",
 "cfg-if",
 "crate_interface",
 "kernel_guard",
 "lazy_init",
 "percpu",
]

[[package]]
name = "axsignal"
version = "0.1.0"
dependencies = [
 "axhal",
 "bitflags 2.4.0",
 "numeric-enum-macro",
]

[[package]]
name = "axstd"
version = "0.1.0"
dependencies = [
 "arceos_api",
 "axerrno",
 "axfeat",
 "axio",
 "spinlock",
]

[[package]]
name = "axsync"
version = "0.1.0"
dependencies = [
 "axsync",
 "axtask",
 "rand",
 "spinlock",
]

[[package]]
name = "axtask"
version = "0.1.0"
dependencies = [
 "axconfig",
 "axhal",
 "axsignal",
 "axtask",
 "cfg-if",
 "crate_interface",
 "kernel_guard",
 "lazy_init",
 "log",
 "memory_addr",
 "numeric-enum-macro",
 "percpu",
 "rand",
 "riscv",
 "scheduler",
 "spinlock",
 "timer_list",
]

[[package]]
name = "az"
version = "1.2.1"
source = "registry+https://github.com/rust-lang/crates.io-index"
checksum = "7b7e4c2464d97fe331d41de9d5db0def0a96f4d823b8b32a2efd503578988973"

[[package]]
name = "base64"
version = "0.13.1"
source = "registry+https://github.com/rust-lang/crates.io-index"
checksum = "9e1b586273c5702936fe7b7d6896644d8be71e6314cfe09d3167c95f712589e8"

[[package]]
name = "bcm2835-sdhci"
version = "0.1.0"
source = "git+https://github.com/lhw2002426/bcm2835-sdhci.git?rev=e974f16#e974f168efa72b470a01f61bdef32240c66f54fc"
dependencies = [
 "aarch64-cpu",
 "log",
 "tock-registers",
 "volatile 0.2.7",
]

[[package]]
name = "bindgen"
version = "0.66.1"
source = "registry+https://github.com/rust-lang/crates.io-index"
checksum = "f2b84e06fc203107bfbad243f4aba2af864eb7db3b1cf46ea0a023b0b433d2a7"
dependencies = [
 "bitflags 2.4.0",
 "cexpr",
 "clang-sys",
 "lazy_static",
 "lazycell",
 "log",
 "peeking_take_while",
 "prettyplease",
 "proc-macro2",
 "quote",
 "regex",
 "rustc-hash",
 "shlex",
 "syn 2.0.39",
 "which",
]

[[package]]
name = "bit"
version = "0.1.1"
source = "registry+https://github.com/rust-lang/crates.io-index"
checksum = "2b645c5c09a7d4035949cfce1a915785aaad6f17800c35fda8a8c311c491f284"

[[package]]
name = "bit_field"
version = "0.10.2"
source = "registry+https://github.com/rust-lang/crates.io-index"
checksum = "dc827186963e592360843fb5ba4b973e145841266c1357f7180c43526f2e5b61"

[[package]]
name = "bitflags"
version = "1.3.2"
source = "registry+https://github.com/rust-lang/crates.io-index"
checksum = "bef38d45163c2f1dde094a7dfd33ccf595c92905c8f8f4fdc18d06fb1037718a"

[[package]]
name = "bitflags"
version = "2.4.0"
source = "registry+https://github.com/rust-lang/crates.io-index"
checksum = "b4682ae6287fcf752ecaabbfcc7b6f9b72aa33933dc23a554d853aea8eea8635"

[[package]]
name = "bitmap-allocator"
version = "0.1.0"
source = "git+https://github.com/rcore-os/bitmap-allocator.git?rev=88e871a#88e871a54f28a3d6795478f237466b3332e2fb1d"
dependencies = [
 "bit_field",
]

[[package]]
name = "bitmaps"
version = "3.2.0"
source = "registry+https://github.com/rust-lang/crates.io-index"
checksum = "703642b98a00b3b90513279a8ede3fcfa479c126c5fb46e78f3051522f021403"

[[package]]
name = "buddy_system_allocator"
version = "0.9.0"
source = "registry+https://github.com/rust-lang/crates.io-index"
checksum = "43f9365b6b0c9e1663ca4ca9440c00eda46bc85a3407070be8b5e0d8d1f29629"

[[package]]
name = "byteorder"
version = "1.4.3"
source = "registry+https://github.com/rust-lang/crates.io-index"
checksum = "14c189c53d098945499cdfa7ecc63567cf3886b3332b312a5b4585d8d3a6a610"

[[package]]
name = "capability"
version = "0.1.0"
source = "git+https://github.com/Arceos-crates/capability.git#8390a158ee94743dd5762d21ec2e627b990c4896"
dependencies = [
 "axerrno",
 "bitflags 2.4.0",
]

[[package]]
name = "cexpr"
version = "0.6.0"
source = "registry+https://github.com/rust-lang/crates.io-index"
checksum = "6fac387a98bb7c37292057cffc56d62ecb629900026402633ae9160df93a8766"
dependencies = [
 "nom",
]

[[package]]
name = "cfg-if"
version = "1.0.0"
source = "registry+https://github.com/rust-lang/crates.io-index"
checksum = "baf1de4339761588bc0619e3cbc0120ee582ebb74b53b4efbf79117bd2da40fd"

[[package]]
name = "clang-sys"
version = "1.6.1"
source = "registry+https://github.com/rust-lang/crates.io-index"
checksum = "c688fc74432808e3eb684cae8830a86be1d66a2bd58e1f248ed0960a590baf6f"
dependencies = [
 "glob",
 "libc",
 "libloading",
]

[[package]]
name = "const-default"
version = "1.0.0"
source = "registry+https://github.com/rust-lang/crates.io-index"
checksum = "0b396d1f76d455557e1218ec8066ae14bba60b4b36ecd55577ba979f5db7ecaa"

[[package]]
name = "core_detect"
version = "1.0.0"
source = "registry+https://github.com/rust-lang/crates.io-index"
checksum = "7f8f80099a98041a3d1622845c271458a2d73e688351bf3cb999266764b81d48"

[[package]]
name = "crate_interface"
version = "0.1.1"
source = "git+https://github.com/Arceos-crates/crate_interface.git#f735ba00214b4f7e239fdd4f07d5bae085b15514"
dependencies = [
 "proc-macro2",
 "quote",
 "syn 2.0.39",
]

[[package]]
name = "critical-section"
version = "1.1.2"
source = "registry+https://github.com/rust-lang/crates.io-index"
checksum = "7059fff8937831a9ae6f0fe4d658ffabf58f2ca96aa9dec1c889f936f705f216"

[[package]]
name = "danger_access"
version = "0.1.0"
dependencies = [
 "axstd",
]

[[package]]
name = "defmt"
version = "0.3.5"
source = "registry+https://github.com/rust-lang/crates.io-index"
checksum = "a8a2d011b2fee29fb7d659b83c43fce9a2cb4df453e16d441a51448e448f3f98"
dependencies = [
 "bitflags 1.3.2",
 "defmt-macros",
]

[[package]]
name = "defmt-macros"
version = "0.3.6"
source = "registry+https://github.com/rust-lang/crates.io-index"
checksum = "54f0216f6c5acb5ae1a47050a6645024e6edafc2ee32d421955eccfef12ef92e"
dependencies = [
 "defmt-parser",
 "proc-macro-error",
 "proc-macro2",
 "quote",
 "syn 2.0.39",
]

[[package]]
name = "defmt-parser"
version = "0.3.3"
source = "registry+https://github.com/rust-lang/crates.io-index"
checksum = "269924c02afd7f94bc4cecbfa5c379f6ffcf9766b3408fe63d22c728654eccd0"
dependencies = [
 "thiserror",
]

[[package]]
name = "driver_block"
version = "0.1.0"
source = "git+https://github.com/Arceos-crates/driver_block.git#209aa41be37cf3a2ecb6d5dbb6cb0f23a89dab72"
dependencies = [
 "bcm2835-sdhci",
 "driver_common",
 "log",
]

[[package]]
name = "driver_common"
version = "0.1.0"
source = "git+https://github.com/Arceos-crates/driver_common.git#196a975f7a48e905d5b6ec743648ebf7adb26b9d"

[[package]]
name = "driver_display"
version = "0.1.0"
source = "git+https://github.com/Arceos-crates/driver_display.git#9a674f9da6708918302d1bd332f35577ecd218ec"
dependencies = [
 "driver_common",
]

[[package]]
name = "driver_net"
version = "0.1.0"
source = "git+https://github.com/Arceos-crates/driver_net.git#0b88bed57830d2420f5156436dacbd26b382a79e"
dependencies = [
 "driver_common",
 "ixgbe-driver",
 "log",
 "spin 0.9.8",
]

[[package]]
name = "driver_pci"
version = "0.1.0"
source = "git+https://github.com/Arceos-crates/driver_pci.git#c9b5e362a7490bea76ea7577ac5a73f10d9ba079"
dependencies = [
 "virtio-drivers",
]

[[package]]
name = "driver_virtio"
version = "0.1.0"
source = "git+https://github.com/Arceos-crates/driver_virtio.git#e7a1ba6b70d327c2d7a3b1e1fb0931c987557d6c"
dependencies = [
 "driver_block",
 "driver_common",
 "driver_display",
 "driver_net",
 "virtio-drivers",
]

[[package]]
name = "dw_apb_uart"
version = "0.1.0"
dependencies = [
 "tock-registers",
]

[[package]]
name = "either"
version = "1.9.0"
source = "registry+https://github.com/rust-lang/crates.io-index"
checksum = "a26ae43d7bcc3b814de94796a5e736d4029efb0ee900c12e2d54c993ad1a1e07"

[[package]]
name = "embedded-graphics"
version = "0.8.1"
source = "registry+https://github.com/rust-lang/crates.io-index"
checksum = "0649998afacf6d575d126d83e68b78c0ab0e00ca2ac7e9b3db11b4cbe8274ef0"
dependencies = [
 "az",
 "byteorder",
 "embedded-graphics-core",
 "float-cmp",
 "micromath",
]

[[package]]
name = "embedded-graphics-core"
version = "0.4.0"
source = "registry+https://github.com/rust-lang/crates.io-index"
checksum = "ba9ecd261f991856250d2207f6d8376946cd9f412a2165d3b75bc87a0bc7a044"
dependencies = [
 "az",
 "byteorder",
]

[[package]]
name = "embedded-hal"
version = "0.2.7"
source = "registry+https://github.com/rust-lang/crates.io-index"
checksum = "35949884794ad573cf46071e41c9b60efb0cb311e3ca01f7af807af1debc66ff"
dependencies = [
 "nb 0.1.3",
 "void",
]

[[package]]
name = "equivalent"
version = "1.0.1"
source = "registry+https://github.com/rust-lang/crates.io-index"
checksum = "5443807d6dff69373d433ab9ef5378ad8df50ca6298caf15de6e52e24aaf54d5"

[[package]]
name = "fatfs"
version = "0.4.0"
source = "git+https://github.com/rafalh/rust-fatfs?rev=a3a834e#a3a834ef92d94dd227c316c0887654dab00ae085"
dependencies = [
 "bitflags 1.3.2",
 "log",
]

[[package]]
name = "fdt"
version = "0.1.5"
source = "registry+https://github.com/rust-lang/crates.io-index"
checksum = "784a4df722dc6267a04af36895398f59d21d07dce47232adf31ec0ff2fa45e67"

[[package]]
name = "fileopen"
version = "0.1.0"
dependencies = [
 "axstd",
]

[[package]]
name = "fileread"
version = "0.1.0"
dependencies = [
 "axstd",
]

[[package]]
name = "filewrite"
version = "0.1.0"
dependencies = [
 "axstd",
]

[[package]]
name = "flatten_objects"
version = "0.1.0"
dependencies = [
 "bitmaps",
]

[[package]]
name = "float-cmp"
version = "0.9.0"
source = "registry+https://github.com/rust-lang/crates.io-index"
checksum = "98de4bbd547a563b716d8dfa9aad1cb19bfab00f4fa09a6a4ed21dbcf44ce9c4"
dependencies = [
 "num-traits",
]

[[package]]
name = "getrandom"
version = "0.2.10"
source = "registry+https://github.com/rust-lang/crates.io-index"
checksum = "be4136b2a15dd319360be1c07d9933517ccf0be8f16bf62a3bee4f0d618df427"
dependencies = [
 "cfg-if",
 "libc",
 "wasi",
]

[[package]]
name = "glob"
version = "0.3.1"
source = "registry+https://github.com/rust-lang/crates.io-index"
checksum = "d2fabcfbdc87f4758337ca535fb41a6d701b65693ce38287d856d1674551ec9b"

[[package]]
name = "handler_table"
version = "0.1.0"
source = "git+https://github.com/Arceos-crates/handler_table.git#20b0742506716e910d29723e52cb28d501fada72"

[[package]]
name = "hash32"
version = "0.2.1"
source = "registry+https://github.com/rust-lang/crates.io-index"
checksum = "b0c35f58762feb77d74ebe43bdbc3210f09be9fe6742234d573bacc26ed92b67"
dependencies = [
 "byteorder",
]

[[package]]
name = "hashbrown"
version = "0.14.0"
source = "registry+https://github.com/rust-lang/crates.io-index"
checksum = "2c6201b9ff9fd90a5a3bac2e56a830d0caa509576f0e503818ee82c181b3437a"

[[package]]
name = "heapless"
version = "0.7.16"
source = "registry+https://github.com/rust-lang/crates.io-index"
checksum = "db04bc24a18b9ea980628ecf00e6c0264f3c1426dac36c00cb49b6fbad8b0743"
dependencies = [
 "atomic-polyfill",
 "hash32",
 "rustc_version",
 "spin 0.9.8",
 "stable_deref_trait",
]

[[package]]
name = "indexmap"
version = "2.0.0"
source = "registry+https://github.com/rust-lang/crates.io-index"
checksum = "d5477fe2230a79769d8dc68e0eabf5437907c0457a5614a9e8dddb67f65eb65d"
dependencies = [
 "equivalent",
 "hashbrown",
]

[[package]]
name = "ixgbe-driver"
version = "0.1.0"
source = "git+https://github.com/KuangjuX/ixgbe-driver.git?rev=8e5eb74#8e5eb741299d7d95c373ec745e39a1473fe84563"
dependencies = [
 "bit_field",
 "core_detect",
 "log",
 "smoltcp",
 "volatile 0.3.0",
]

[[package]]
name = "kernel_guard"
version = "0.1.0"
source = "git+https://github.com/Arceos-crates/kernel_guard.git#7acf18261d51e500a36e3d1cf2717db12ba8dd17"
dependencies = [
 "cfg-if",
 "crate_interface",
]

[[package]]
name = "lazy_init"
version = "0.1.0"
source = "git+https://github.com/Arceos-crates/lazy_init.git#245ef7e94c6cc63610d3148e8de3144768f8f9d7"

[[package]]
name = "lazy_static"
version = "1.4.0"
source = "registry+https://github.com/rust-lang/crates.io-index"
checksum = "e2abad23fbc42b3700f2f279844dc832adb2b2eb069b2df918f455c4e18cc646"
dependencies = [
 "spin 0.5.2",
]

[[package]]
name = "lazycell"
version = "1.3.0"
source = "registry+https://github.com/rust-lang/crates.io-index"
checksum = "830d08ce1d1d941e6b30645f1a0eb5643013d835ce3779a5fc208261dbe10f55"

[[package]]
name = "libc"
version = "0.2.147"
source = "registry+https://github.com/rust-lang/crates.io-index"
checksum = "b4668fb0ea861c1df094127ac5f1da3409a82116a4ba74fca2e58ef927159bb3"

[[package]]
name = "libloading"
version = "0.7.4"
source = "registry+https://github.com/rust-lang/crates.io-index"
checksum = "b67380fd3b2fbe7527a606e18729d21c6f3951633d0500574c4dc22d2d638b9f"
dependencies = [
 "cfg-if",
 "winapi",
]

[[package]]
name = "linked_list"
version = "0.1.0"
source = "git+https://github.com/Arceos-crates/linked_list.git#c09c92852cf8d97e3f67d1a5a8f294904e4879fb"

[[package]]
name = "lock_api"
version = "0.4.10"
source = "registry+https://github.com/rust-lang/crates.io-index"
checksum = "c1cc9717a20b1bb222f333e6a92fd32f7d8a18ddc5a3191a11af45dcbf4dcd16"
dependencies = [
 "autocfg",
 "scopeguard",
]

[[package]]
name = "log"
version = "0.4.19"
source = "registry+https://github.com/rust-lang/crates.io-index"
checksum = "b06a4cde4c0f271a446782e3eff8de789548ce57dbc8eca9292c27f4a42004b4"

[[package]]
name = "managed"
version = "0.8.0"
source = "registry+https://github.com/rust-lang/crates.io-index"
checksum = "0ca88d725a0a943b096803bd34e73a4437208b6077654cc4ecb2947a5f91618d"

[[package]]
name = "memchr"
version = "2.5.0"
source = "registry+https://github.com/rust-lang/crates.io-index"
checksum = "2dffe52ecf27772e601905b7522cb4ef790d2cc203488bbd0e2fe85fcb74566d"

[[package]]
name = "memory_addr"
version = "0.1.0"
source = "git+https://github.com/Arceos-crates/memory_addr.git#e0d520821bcca9e0abdaf2a218a150ef05c5a694"

[[package]]
name = "micromath"
version = "2.0.0"
source = "registry+https://github.com/rust-lang/crates.io-index"
checksum = "39617bc909d64b068dcffd0e3e31679195b5576d0c83fadc52690268cc2b2b55"

[[package]]
name = "minimal-lexical"
version = "0.2.1"
source = "registry+https://github.com/rust-lang/crates.io-index"
checksum = "68354c5c6bd36d73ff3feceb05efa59b6acb7626617f4962be322a825e61f79a"

[[package]]
name = "nb"
version = "0.1.3"
source = "registry+https://github.com/rust-lang/crates.io-index"
checksum = "801d31da0513b6ec5214e9bf433a77966320625a37860f910be265be6e18d06f"
dependencies = [
 "nb 1.1.0",
]

[[package]]
name = "nb"
version = "1.1.0"
source = "registry+https://github.com/rust-lang/crates.io-index"
checksum = "8d5439c4ad607c3c23abf66de8c8bf57ba8adcd1f129e699851a6e43935d339d"

[[package]]
name = "nom"
version = "7.1.3"
source = "registry+https://github.com/rust-lang/crates.io-index"
checksum = "d273983c5a657a70a3e8f2a01329822f3b8c8172b73826411a55751e404a0a4a"
dependencies = [
 "memchr",
 "minimal-lexical",
]

[[package]]
name = "num-traits"
version = "0.2.16"
source = "registry+https://github.com/rust-lang/crates.io-index"
checksum = "f30b0abd723be7e2ffca1272140fac1a2f084c77ec3e123c192b66af1ee9e6c2"
dependencies = [
 "autocfg",
]

[[package]]
name = "num_enum"
version = "0.5.11"
source = "registry+https://github.com/rust-lang/crates.io-index"
checksum = "1f646caf906c20226733ed5b1374287eb97e3c2a5c227ce668c1f2ce20ae57c9"
dependencies = [
 "num_enum_derive",
]

[[package]]
name = "num_enum_derive"
version = "0.5.11"
source = "registry+https://github.com/rust-lang/crates.io-index"
checksum = "dcbff9bc912032c62bf65ef1d5aea88983b420f4f839db1e9b0c281a25c9c799"
dependencies = [
 "proc-macro2",
 "quote",
 "syn 1.0.109",
]

[[package]]
name = "numeric-enum-macro"
version = "0.2.0"
source = "git+https://github.com/mexus/numeric-enum-macro#20aef288b2ecd2381ab6627c2a6c9e0436d8c8ff"

[[package]]
name = "of"
version = "0.1.0"
dependencies = [
 "fdt",
 "lazy_static",
]

[[package]]
name = "once_cell"
version = "1.18.0"
source = "registry+https://github.com/rust-lang/crates.io-index"
checksum = "dd8b5dd2ae5ed71462c540258bedcb51965123ad7e7ccf4b9a8cafaa4a63576d"

[[package]]
name = "oscomp"
version = "0.1.0"
dependencies = [
 "syscall_entry",
]

[[package]]
name = "page_table"
version = "0.1.0"
source = "git+https://github.com/Arceos-crates/page_table.git#dfd02c7d3ffc8e7ded9dde03068a7f3d7852aad8"
dependencies = [
 "log",
 "memory_addr",
 "page_table_entry",
]

[[package]]
name = "page_table_entry"
version = "0.1.0"
source = "git+https://github.com/Arceos-crates/page_table_entry.git#2244010e16a71dfdbad43ef7c82e0f4d0251af30"
dependencies = [
 "aarch64-cpu",
 "bitflags 2.4.0",
 "memory_addr",
 "x86_64",
]

[[package]]
name = "paste"
version = "1.0.14"
source = "registry+https://github.com/rust-lang/crates.io-index"
checksum = "de3145af08024dea9fa9914f381a17b8fc6034dfb00f3a84013f7ff43f29ed4c"

[[package]]
name = "peeking_take_while"
version = "0.1.2"
source = "registry+https://github.com/rust-lang/crates.io-index"
checksum = "19b17cddbe7ec3f8bc800887bab5e717348c95ea2ca0b1bf0837fb964dc67099"

[[package]]
name = "percpu"
version = "0.1.0"
source = "git+https://github.com/Arceos-crates/percpu.git#7a1bb439f09b1deb2863229782d9f05206c3b49f"
dependencies = [
 "cfg-if",
 "kernel_guard",
 "percpu_macros",
 "spin 0.9.8",
 "x86",
]

[[package]]
name = "percpu_macros"
version = "0.1.0"
source = "git+https://github.com/Arceos-crates/percpu_macros.git#0088f91f36a806ce20f55d87a89866fb010d0258"
dependencies = [
 "proc-macro2",
 "quote",
 "syn 2.0.39",
]

[[package]]
name = "ppv-lite86"
version = "0.2.17"
source = "registry+https://github.com/rust-lang/crates.io-index"
checksum = "5b40af805b3121feab8a3c29f04d8ad262fa8e0561883e7653e024ae4479e6de"

[[package]]
name = "prettyplease"
version = "0.2.12"
source = "registry+https://github.com/rust-lang/crates.io-index"
checksum = "6c64d9ba0963cdcea2e1b2230fbae2bab30eb25a174be395c41e764bfb65dd62"
dependencies = [
 "proc-macro2",
 "syn 2.0.39",
]

[[package]]
name = "proc-macro-error"
version = "1.0.4"
source = "registry+https://github.com/rust-lang/crates.io-index"
checksum = "da25490ff9892aab3fcf7c36f08cfb902dd3e71ca0f9f9517bea02a73a5ce38c"
dependencies = [
 "proc-macro-error-attr",
 "proc-macro2",
 "quote",
 "syn 1.0.109",
 "version_check",
]

[[package]]
name = "proc-macro-error-attr"
version = "1.0.4"
source = "registry+https://github.com/rust-lang/crates.io-index"
checksum = "a1be40180e52ecc98ad80b184934baf3d0d29f979574e439af5a55274b35f869"
dependencies = [
 "proc-macro2",
 "quote",
 "version_check",
]

[[package]]
name = "proc-macro2"
version = "1.0.69"
source = "registry+https://github.com/rust-lang/crates.io-index"
checksum = "134c189feb4956b20f6f547d2cf727d4c0fe06722b20a0eec87ed445a97f92da"
dependencies = [
 "unicode-ident",
]

[[package]]
name = "quote"
version = "1.0.33"
source = "registry+https://github.com/rust-lang/crates.io-index"
checksum = "5267fca4496028628a95160fc423a33e8b2e6af8a5302579e322e4b520293cae"
dependencies = [
 "proc-macro2",
]

[[package]]
name = "rand"
version = "0.8.5"
source = "registry+https://github.com/rust-lang/crates.io-index"
checksum = "34af8d1a0e25924bc5b7c43c079c942339d8f0a8b57c39049bef581b46327404"
dependencies = [
 "libc",
 "rand_chacha",
 "rand_core",
]

[[package]]
name = "rand_chacha"
version = "0.3.1"
source = "registry+https://github.com/rust-lang/crates.io-index"
checksum = "e6c10a63a0fa32252be49d21e7709d4d4baf8d231c2dbce1eaa8141b9b127d88"
dependencies = [
 "ppv-lite86",
 "rand_core",
]

[[package]]
name = "rand_core"
version = "0.6.4"
source = "registry+https://github.com/rust-lang/crates.io-index"
checksum = "ec0be4795e2f6a28069bec0b5ff3e2ac9bafc99e6a9a7dc3547996c5c816922c"
dependencies = [
 "getrandom",
]

[[package]]
name = "ratio"
version = "0.1.0"
source = "git+https://github.com/Arceos-crates/ratio.git#dde1a7615b8aa6f3d2c638c974e9fe125e15c8a0"

[[package]]
name = "raw-cpuid"
version = "10.7.0"
source = "registry+https://github.com/rust-lang/crates.io-index"
checksum = "6c297679cb867470fa8c9f67dbba74a78d78e3e98d7cf2b08d6d71540f797332"
dependencies = [
 "bitflags 1.3.2",
]

[[package]]
name = "raw-cpuid"
version = "11.0.1"
source = "registry+https://github.com/rust-lang/crates.io-index"
checksum = "9d86a7c4638d42c44551f4791a20e687dbb4c3de1f33c43dd71e355cd429def1"
dependencies = [
 "bitflags 2.4.0",
]

[[package]]
name = "regex"
version = "1.9.3"
source = "registry+https://github.com/rust-lang/crates.io-index"
checksum = "81bc1d4caf89fac26a70747fe603c130093b53c773888797a6329091246d651a"
dependencies = [
 "aho-corasick",
 "memchr",
 "regex-automata",
 "regex-syntax",
]

[[package]]
name = "regex-automata"
version = "0.3.6"
source = "registry+https://github.com/rust-lang/crates.io-index"
checksum = "fed1ceff11a1dddaee50c9dc8e4938bd106e9d89ae372f192311e7da498e3b69"
dependencies = [
 "aho-corasick",
 "memchr",
 "regex-syntax",
]

[[package]]
name = "regex-syntax"
version = "0.7.4"
source = "registry+https://github.com/rust-lang/crates.io-index"
checksum = "e5ea92a5b6195c6ef2a0295ea818b312502c6fc94dde986c5553242e18fd4ce2"

[[package]]
name = "riscv"
version = "0.10.1"
source = "registry+https://github.com/rust-lang/crates.io-index"
checksum = "aa3145d2fae3778b1e31ec2e827b228bdc6abd9b74bb5705ba46dcb82069bc4f"
dependencies = [
 "bit_field",
 "critical-section",
 "embedded-hal",
]

[[package]]
name = "rlsf"
version = "0.2.1"
source = "registry+https://github.com/rust-lang/crates.io-index"
checksum = "222fb240c3286247ecdee6fa5341e7cdad0ffdf8e7e401d9937f2d58482a20bf"
dependencies = [
 "cfg-if",
 "const-default",
 "libc",
 "svgbobdoc",
]

[[package]]
name = "rustc-hash"
version = "1.1.0"
source = "registry+https://github.com/rust-lang/crates.io-index"
checksum = "08d43f7aa6b08d49f382cde6a7982047c3426db949b1424bc4b7ec9ae12c6ce2"

[[package]]
name = "rustc_version"
version = "0.4.0"
source = "registry+https://github.com/rust-lang/crates.io-index"
checksum = "bfa0f585226d2e68097d4f95d113b15b83a82e819ab25717ec0590d9584ef366"
dependencies = [
 "semver",
]

[[package]]
name = "rustversion"
version = "1.0.14"
source = "registry+https://github.com/rust-lang/crates.io-index"
checksum = "7ffc183a10b4478d04cbbbfc96d0873219d962dd5accaff2ffbd4ceb7df837f4"

[[package]]
name = "sbi-rt"
version = "0.0.2"
source = "registry+https://github.com/rust-lang/crates.io-index"
checksum = "8c113c53291db8ac141e01f43224ed488b8d6001ab66737b82e04695a43a42b7"
dependencies = [
 "sbi-spec",
]

[[package]]
name = "sbi-spec"
version = "0.0.4"
source = "registry+https://github.com/rust-lang/crates.io-index"
checksum = "6d4027cf9bb591a9fd0fc0e283be6165c5abe96cb73e9f0e24738c227f425377"
dependencies = [
 "static_assertions",
]

[[package]]
name = "scheduler"
version = "0.1.0"
source = "git+https://github.com/Arceos-crates/scheduler.git#9985ed3ddebd8b3089d1ef4bf392db64273e5805"
dependencies = [
 "linked_list",
]

[[package]]
name = "scopeguard"
version = "1.2.0"
source = "registry+https://github.com/rust-lang/crates.io-index"
checksum = "94143f37725109f92c262ed2cf5e59bce7498c01bcc1502d7b9afe439a4e9f49"

[[package]]
name = "semver"
version = "1.0.18"
source = "registry+https://github.com/rust-lang/crates.io-index"
checksum = "b0293b4b29daaf487284529cc2f5675b8e57c61f70167ba415a463651fd6a918"

[[package]]
name = "serde"
version = "1.0.185"
source = "registry+https://github.com/rust-lang/crates.io-index"
checksum = "be9b6f69f1dfd54c3b568ffa45c310d6973a5e5148fd40cf515acaf38cf5bc31"

[[package]]
name = "shlex"
version = "1.1.0"
source = "registry+https://github.com/rust-lang/crates.io-index"
checksum = "43b2853a4d09f215c24cc5489c992ce46052d359b5109343cbafbf26bc62f8a3"

[[package]]
name = "slab_allocator"
version = "0.3.1"
source = "git+https://github.com/Arceos-crates/slab_allocator.git#70aa610ce0fefdf5511987c4275714328477fdc2"
dependencies = [
 "buddy_system_allocator",
]

[[package]]
name = "smoltcp"
version = "0.10.0"
source = "git+https://github.com/c0per/smoltcp?branch=starryos#a2e59192792833a9733fbc1ba4b7be20f992119e"
dependencies = [
 "bitflags 1.3.2",
 "byteorder",
 "cfg-if",
 "defmt",
 "heapless",
 "log",
 "managed",
]

[[package]]
name = "spin"
version = "0.5.2"
source = "registry+https://github.com/rust-lang/crates.io-index"
checksum = "6e63cff320ae2c57904679ba7cb63280a3dc4613885beafb148ee7bf9aa9042d"

[[package]]
name = "spin"
version = "0.9.8"
source = "registry+https://github.com/rust-lang/crates.io-index"
checksum = "6980e8d7511241f8acf4aebddbb1ff938df5eebe98691418c4468d0b72a96a67"
dependencies = [
 "lock_api",
]

[[package]]
name = "spinlock"
version = "0.1.0"
source = "git+https://github.com/Arceos-crates/spinlock.git#556366801ed8c349a0c47936cb06826bae002378"
dependencies = [
 "cfg-if",
 "kernel_guard",
]

[[package]]
name = "stable_deref_trait"
version = "1.2.0"
source = "registry+https://github.com/rust-lang/crates.io-index"
checksum = "a8f112729512f8e442d81f95a8a7ddf2b7c6b8a1a6f509a95864142b30cab2d3"

[[package]]
name = "static_assertions"
version = "1.1.0"
source = "registry+https://github.com/rust-lang/crates.io-index"
checksum = "a2eb9349b6444b326872e140eb1cf5e7c522154d69e7a0ffb0fb81c06b37543f"

[[package]]
name = "svgbobdoc"
version = "0.3.0"
source = "registry+https://github.com/rust-lang/crates.io-index"
checksum = "f2c04b93fc15d79b39c63218f15e3fdffaa4c227830686e3b7c5f41244eb3e50"
dependencies = [
 "base64",
 "proc-macro2",
 "quote",
 "syn 1.0.109",
 "unicode-width",
]

[[package]]
name = "syn"
version = "1.0.109"
source = "registry+https://github.com/rust-lang/crates.io-index"
checksum = "72b64191b275b66ffe2469e8af2c1cfe3bafa67b529ead792a6d0160888b4237"
dependencies = [
 "proc-macro2",
 "quote",
 "unicode-ident",
]

[[package]]
name = "syn"
version = "2.0.39"
source = "registry+https://github.com/rust-lang/crates.io-index"
checksum = "23e78b90f2fcf45d3e842032ce32e3f2d1545ba6636271dcbf24fa306d87be7a"
dependencies = [
 "proc-macro2",
 "quote",
 "unicode-ident",
]

[[package]]
name = "syscall_entry"
version = "0.1.0"
dependencies = [
 "arceos_api",
 "axfeat",
 "axhal",
 "axlog",
 "axprocess",
 "axruntime",
 "axsignal",
 "axtask",
 "crate_interface",
 "kernel_guard",
 "lazy_init",
 "spinlock",
 "syscall_fs",
 "syscall_mem",
 "syscall_net",
 "syscall_task",
 "syscall_utils",
]

[[package]]
name = "syscall_fs"
version = "0.1.0"
dependencies = [
 "axerrno",
 "axfs",
 "axhal",
 "axio",
 "axlog",
 "axprocess",
 "axsync",
 "axtask",
 "bitflags 2.4.0",
 "numeric-enum-macro",
 "syscall_utils",
]

[[package]]
name = "syscall_mem"
version = "0.1.0"
dependencies = [
 "axerrno",
 "axhal",
 "axlog",
 "axmem",
 "axprocess",
 "bitflags 2.4.0",
 "numeric-enum-macro",
 "syscall_fs",
 "syscall_utils",
]

[[package]]
name = "syscall_net"
version = "0.1.0"
dependencies = [
 "arceos_api",
 "axerrno",
 "axfeat",
 "axfs",
 "axio",
 "axlog",
 "axnet",
 "axprocess",
 "axsync",
 "num_enum",
 "numeric-enum-macro",
 "syscall_utils",
]

[[package]]
name = "syscall_task"
version = "0.1.0"
dependencies = [
 "arceos_api",
 "axconfig",
 "axfeat",
 "axhal",
 "axlog",
 "axprocess",
 "axsignal",
 "axtask",
 "numeric-enum-macro",
 "rand",
 "syscall_utils",
]

[[package]]
name = "syscall_utils"
version = "0.1.0"
dependencies = [
 "axconfig",
 "axerrno",
 "axfs",
 "axhal",
 "axlog",
 "bitflags 2.4.0",
 "num_enum",
 "numeric-enum-macro",
]

[[package]]
name = "task_single_yield"
version = "0.1.0"
dependencies = [
 "axstd",
]

[[package]]
name = "taskyield"
version = "0.1.0"
dependencies = [
 "axstd",
]

[[package]]
name = "thiserror"
version = "1.0.47"
source = "registry+https://github.com/rust-lang/crates.io-index"
checksum = "97a802ec30afc17eee47b2855fc72e0c4cd62be9b4efe6591edde0ec5bd68d8f"
dependencies = [
 "thiserror-impl",
]

[[package]]
name = "thiserror-impl"
version = "1.0.47"
source = "registry+https://github.com/rust-lang/crates.io-index"
checksum = "6bb623b56e39ab7dcd4b1b98bb6c8f8d907ed255b18de254088016b27a8ee19b"
dependencies = [
 "proc-macro2",
 "quote",
 "syn 2.0.39",
]

[[package]]
name = "timer_list"
version = "0.1.0"

[[package]]
name = "tock-registers"
version = "0.8.1"
source = "registry+https://github.com/rust-lang/crates.io-index"
checksum = "696941a0aee7e276a165a978b37918fd5d22c55c3d6bda197813070ca9c0f21c"

[[package]]
name = "toml_datetime"
version = "0.6.3"
source = "registry+https://github.com/rust-lang/crates.io-index"
checksum = "7cda73e2f1397b1262d6dfdcef8aafae14d1de7748d66822d3bfeeb6d03e5e4b"

[[package]]
name = "toml_edit"
version = "0.19.14"
source = "registry+https://github.com/rust-lang/crates.io-index"
checksum = "f8123f27e969974a3dfba720fdb560be359f57b44302d280ba72e76a74480e8a"
dependencies = [
 "indexmap",
 "toml_datetime",
 "winnow",
]

[[package]]
name = "tuple_for_each"
version = "0.1.0"
dependencies = [
 "proc-macro2",
 "quote",
 "syn 2.0.39",
]

[[package]]
name = "unicode-ident"
version = "1.0.11"
source = "registry+https://github.com/rust-lang/crates.io-index"
checksum = "301abaae475aa91687eb82514b328ab47a211a533026cb25fc3e519b86adfc3c"

[[package]]
name = "unicode-width"
version = "0.1.10"
source = "registry+https://github.com/rust-lang/crates.io-index"
checksum = "c0edd1e5b14653f783770bce4a4dabb4a5108a5370a5f5d8cfe8710c361f6c8b"

[[package]]
name = "version_check"
version = "0.9.4"
source = "registry+https://github.com/rust-lang/crates.io-index"
checksum = "49874b5167b65d7193b8aba1567f5c7d93d001cafc34600cee003eda787e483f"

[[package]]
name = "virtio-drivers"
version = "0.7.1"
source = "git+https://github.com/rcore-os/virtio-drivers.git?rev=4b60f5d#4b60f5d341a7211dfec7382062f965c5433c51c2"
dependencies = [
 "bitflags 2.4.0",
 "log",
 "zerocopy",
]

[[package]]
name = "void"
version = "1.0.2"
source = "registry+https://github.com/rust-lang/crates.io-index"
checksum = "6a02e4885ed3bc0f2de90ea6dd45ebcbb66dacffe03547fadbb0eeae2770887d"

[[package]]
name = "volatile"
version = "0.2.7"
source = "registry+https://github.com/rust-lang/crates.io-index"
checksum = "f6b06ad3ed06fef1713569d547cdbdb439eafed76341820fb0e0344f29a41945"

[[package]]
name = "volatile"
version = "0.3.0"
source = "registry+https://github.com/rust-lang/crates.io-index"
checksum = "f8e76fae08f03f96e166d2dfda232190638c10e0383841252416f9cfe2ae60e6"

[[package]]
name = "volatile"
version = "0.4.6"
source = "registry+https://github.com/rust-lang/crates.io-index"
checksum = "442887c63f2c839b346c192d047a7c87e73d0689c9157b00b53dcc27dd5ea793"

[[package]]
name = "wasi"
version = "0.11.0+wasi-snapshot-preview1"
source = "registry+https://github.com/rust-lang/crates.io-index"
checksum = "9c8d87e72b64a3b4db28d11ce29237c246188f4f51057d65a7eab63b7987e423"

[[package]]
name = "which"
version = "4.4.0"
source = "registry+https://github.com/rust-lang/crates.io-index"
checksum = "2441c784c52b289a054b7201fc93253e288f094e2f4be9058343127c4226a269"
dependencies = [
 "either",
 "libc",
 "once_cell",
]

[[package]]
name = "winapi"
version = "0.3.9"
source = "registry+https://github.com/rust-lang/crates.io-index"
checksum = "5c839a674fcd7a98952e593242ea400abe93992746761e38641405d28b00f419"
dependencies = [
 "winapi-i686-pc-windows-gnu",
 "winapi-x86_64-pc-windows-gnu",
]

[[package]]
name = "winapi-i686-pc-windows-gnu"
version = "0.4.0"
source = "registry+https://github.com/rust-lang/crates.io-index"
checksum = "ac3b87c63620426dd9b991e5ce0329eff545bccbbb34f3be09ff6fb6ab51b7b6"

[[package]]
name = "winapi-x86_64-pc-windows-gnu"
version = "0.4.0"
source = "registry+https://github.com/rust-lang/crates.io-index"
checksum = "712e227841d057c1ee1cd2fb22fa7e5a5461ae8e48fa2ca79ec42cfc1931183f"

[[package]]
name = "winnow"
version = "0.5.14"
source = "registry+https://github.com/rust-lang/crates.io-index"
checksum = "d09770118a7eb1ccaf4a594a221334119a44a814fcb0d31c5b85e83e97227a97"
dependencies = [
 "memchr",
]

[[package]]
name = "x2apic"
version = "0.4.2"
source = "registry+https://github.com/rust-lang/crates.io-index"
checksum = "547152b57dd1ae0ce7a4ef1c6470f6039aa7ed22e2179d5bc4f3eda1304e0db3"
dependencies = [
 "bit",
 "bitflags 1.3.2",
 "paste",
 "raw-cpuid 10.7.0",
 "x86_64",
]

[[package]]
name = "x86"
version = "0.52.0"
source = "registry+https://github.com/rust-lang/crates.io-index"
checksum = "2781db97787217ad2a2845c396a5efe286f87467a5810836db6d74926e94a385"
dependencies = [
 "bit_field",
 "bitflags 1.3.2",
 "raw-cpuid 10.7.0",
]

[[package]]
name = "x86_64"
version = "0.14.10"
source = "registry+https://github.com/rust-lang/crates.io-index"
checksum = "100555a863c0092238c2e0e814c1096c1e5cf066a309c696a87e907b5f8c5d69"
dependencies = [
 "bit_field",
 "bitflags 1.3.2",
 "rustversion",
 "volatile 0.4.6",
]

[[package]]
name = "xmas-elf"
version = "0.9.0"
source = "registry+https://github.com/rust-lang/crates.io-index"
checksum = "f820cc767d65b32eef9d7ce7201448f28501c59edc55d47b71375fea579fc2df"
dependencies = [
 "zero",
]

[[package]]
name = "zero"
version = "0.1.3"
source = "registry+https://github.com/rust-lang/crates.io-index"
checksum = "2fe21bcc34ca7fe6dd56cc2cb1261ea59d6b93620215aefb5ea6032265527784"

[[package]]
name = "zerocopy"
version = "0.7.26"
source = "registry+https://github.com/rust-lang/crates.io-index"
checksum = "e97e415490559a91254a2979b4829267a57d2fcd741a98eee8b722fb57289aa0"
dependencies = [
 "byteorder",
 "zerocopy-derive",
]

[[package]]
name = "zerocopy-derive"
version = "0.7.26"
source = "registry+https://github.com/rust-lang/crates.io-index"
checksum = "dd7e48ccf166952882ca8bd778a43502c64f33bf94c12ebe2a7f08e5a0f6689f"
dependencies = [
 "proc-macro2",
 "quote",
 "syn 2.0.39",
]
